
Microsoft Visual Studio Solution File, Format Version 12.00
# Visual Studio Version 17
VisualStudioVersion = 17.13.35919.96 d17.13
MinimumVisualStudioVersion = 10.0.40219.1
Project("{FAE04EC0-301F-11D3-BF4B-00C04F79EFBC}") = "MongoDbSiparisProjesi", "MongoDbSiparisProjesi\MongoDbSiparisProjesi.csproj", "{C2690167-2558-444B-99FB-3CF9FC448E98}"
EndProject
Global
	GlobalSection(SolutionConfigurationPlatforms) = preSolution
		Debug|Any CPU = Debug|Any CPU
		Release|Any CPU = Release|Any CPU
	EndGlobalSection
	GlobalSection(ProjectConfigurationPlatforms) = postSolution
		{C2690167-2558-444B-99FB-3CF9FC448E98}.Debug|Any CPU.ActiveCfg = Debug|Any CPU
		{C2690167-2558-444B-99FB-3CF9FC448E98}.Debug|Any CPU.Build.0 = Debug|Any CPU
		{C2690167-2558-444B-99FB-3CF9FC448E98}.Release|Any CPU.ActiveCfg = Release|Any CPU
		{C2690167-2558-444B-99FB-3CF9FC448E98}.Release|Any CPU.Build.0 = Release|Any CPU
	EndGlobalSection
	GlobalSection(SolutionProperties) = preSolution
		HideSolutionNode = FALSE
	EndGlobalSection
	GlobalSection(ExtensibilityGlobals) = postSolution
		SolutionGuid = {E100B6D1-5EEC-4116-9477-07747BBD8D10}
	EndGlobalSection
EndGlobal
